{
  "name": "master-search",
  "version": "2025.11.24",
  "lockfileVersion": 3,
  "requires": true,
  "packages": {
    "": {
      "name": "master-search",
      "version": "2025.11.24",
      "license": "MIT",
      "devDependencies": {
        "@semantic-release/changelog": "^6.0.0",
        "@semantic-release/commit-analyzer": "^11.0.0",
        "@semantic-release/github": "^9.0.0",
        "@semantic-release/release-notes-generator": "^13.0.0",
        "conventional-changelog-conventionalcommits": "^7.0.0",
        "semantic-release": "^22.0.0"
      }
    },
    "node_modules/@babel/code-frame": {
      "version": "7.23.5",
      "resolved": "https://registry.npmjs.org/@babel/code-frame/-/code-frame-7.23.5.tgz",
      "integrity": "sha512-CgH3s1a96LipHCmSUmYFEDps/7gVT+uJb+LvPL+EpV2gwig9WLcc8b4PZ3CTXrIcP7/0SE1awT0mat6KLReleA==",
      "dev": true,
      "dependencies": {
        "@babel/highlight": "^7.23.4",
        "chalk": "^2.4.2"
      },
      "engines": {
        "node": ">=6.9.0"
      }
    },
    "node_modules/@babel/highlight": {
      "version": "7.23.4",
      "resolved": "https://registry.npmjs.org/@babel/highlight/-/highlight-7.23.4.tgz",
      "integrity": "sha512-acbRVSL60z7GvC7D5oMwlp2a6VVFhYbJ2mY5sQ+WP3zT+tgAPigCnquENPhlAqHJzNvOKPkpZ1qoMso3oCkIgg==",
      "dev": true,
      "dependencies": {
        "@babel/helper-validator-identifier": "^7.22.20",
        "chalk": "^2.4.2",
        "js-tokens": "^4.0.0"
      },
      "engines": {
        "node": ">=6.9.0"
      }
    },
    "node_modules/@babel/helper-validator-identifier": {
      "version": "7.22.20",
      "resolved": "https://registry.npmjs.org/@babel/helper-validator-identifier/-/helper-validator-identifier-7.22.20.tgz",
      "integrity": "sha512-Y4OZ+ytlatR8AI+8KZfKuL5urKp7qey08ha31L8b3BwewJAoJamTzyvxPR/5D+KkdJCGQofLLY+VgUGsVg+29Q==",
      "dev": true,
      "engines": {
        "node": ">=6.9.0"
      }
    },
    "node_modules/@semantic-release/changelog": {
      "version": "6.0.3",
      "resolved": "https://registry.npmjs.org/@semantic-release/changelog/-/changelog-6.0.3.tgz",
      "integrity": "sha512-bPkJxKS7N/f6P8YgB8RmdXlQ1XVPjSwXyRsV8AUyGdDRvGwV2yL/Gy8tT+NjBClwqMPKn5VcK+YDxdWqCKaYA==",
      "dev": true,
      "dependencies": {
        "fs-extra": "^11.1.0",
        "lodash": "^4.17.21",
        "marked": "^9.1.0"
      },
      "engines": {
        "node": ">=18.17.0"
      },
      "peerDependencies": {
        "semantic-release": ">=18.0.0"
      }
    },
    "node_modules/@semantic-release/commit-analyzer": {
      "version": "11.1.0",
      "resolved": "https://registry.npmjs.org/@semantic-release/commit-analyzer/-/commit-analyzer-11.1.0.tgz",
      "integrity": "sha512-IgNRLh+5HYOqX3NFZY5cJrwvG7CwIYMCT2+sYJsJwsD9gJ6z0LwuK78KXsXRWx6scDXI3SYrpYfphQ2FMB+1g==",
      "dev": true,
      "dependencies": {
        "conventional-changelog-angular": "^7.0.0",
        "conventional-commits-parser": "^4.1.0",
        "debug": "^4.3.1",
        "lodash": "^4.17.21"
      },
      "engines": {
        "node": ">=18.17.0"
      },
      "peerDependencies": {
        "semantic-release": ">=18.0.0"
      }
    },
    "node_modules/@semantic-release/github": {
      "version": "9.2.6",
      "resolved": "https://registry.npmjs.org/@semantic-release/github/-/github-9.2.6.tgz",
      "integrity": "sha512-rCCj7e4Z0f1UKTpTXMaJrmamEWNZMNfWRNrq8r3Ixz3v9/47hFhNXiQe8qPpKBcCJpHmI0V8qHDKRgZSk9qQQ==",
      "dev": true,
      "dependencies": {
        "@octokit/rest": "^20.0.0",
        "@octokit/types": "^12.0.0",
        "debug": "^4.3.1",
        "dir-glob": "^3.0.1",
        "fs-extra": "^11.1.0",
        "glob": "^10.3.0",
        "globby": "^13.2.0",
        "http-proxy-agent": "^7.0.0",
        "https-proxy-agent": "^7.0.0",
        "issue-parser": "^7.0.0",
        "lodash": "^4.17.21",
        "marked": "^9.1.0",
        "micromatch": "^4.0.5",
        "p-retry": "^6.2.0",
        "parse-url": "^8.1.0",
        "url-join": "^5.0.0"
      },
      "engines": {
        "node": ">=18.17.0"
      },
      "peerDependencies": {
        "semantic-release": ">=18.0.0"
      }
    },
    "node_modules/@semantic-release/release-notes-generator": {
      "version": "13.0.0",
      "resolved": "https://registry.npmjs.org/@semantic-release/release-notes-generator/-/release-notes-generator-13.0.0.tgz",
      "integrity": "sha512-FZLBITgfN4UIVz0ebLrUIECDwYZh2AFPzJPB7LZvLr7ij4wRvGjcZv+07hPOSNT5A2/zyh6iBEQPn6nLnWPcw==",
      "dev": true,
      "dependencies": {
        "conventional-changelog-angular": "^7.0.0",
        "conventional-commits-parser": "^4.1.0",
        "debug": "^4.3.1",
        "lodash": "^4.17.21",
        "marked": "^9.1.0"
      },
      "engines": {
        "node": ">=18.17.0"
      },
      "peerDependencies": {
        "semantic-release": ">=18.0.0"
      }
    },
    "node_modules/ansi-styles": {
      "version": "3.2.1",
      "resolved": "https://registry.npmjs.org/ansi-styles/-/ansi-styles-3.2.1.tgz",
      "integrity": "sha512-VT0ZsrFjqxMikYhZYaSJfjh9E9AZk3DwwxoVIM2PI2uBrVa7VRRVI6QVU+gMoKGW0d8K3oBl7WZVQTn3DJVNw==",
      "dev": true,
      "dependencies": {
        "color-convert": "^1.9.0"
      },
      "engines": {
        "node": ">=4"
      }
    },
    "node_modules/conventional-changelog-angular": {
      "version": "7.0.0",
      "resolved": "https://registry.npmjs.org/conventional-changelog-angular/-/conventional-changelog-angular-7.0.0.tgz",
      "integrity": "sha512-ROjNchA9LgZwx+Ombeg3MtchOP3N6GsCUKeSWD7OPH08Eb+41 QQcN5Z/lMRJ5rsPXIsSchlIRo+GO435pIrAw==",
      "dev": true,
      "dependencies": {
        "compare-func": "^2.0.0",
        "q": "^1.5.1"
      },
      "engines": {
        "node": ">=16"
      }
    },
    "node_modules/conventional-changelog-conventionalcommits": {
      "version": "7.0.0",
      "resolved": "https://registry.npmjs.org/conventional-changelog-conventionalcommits/-/conventional-changelog-conventionalcommits-7.0.0.tgz",
      "integrity": "sha512-NRVOfWuKKmjFjSR+0p0ynW1HbHcI51N1vT+e659MEoezWKc+5nYyW7c7DH+2zR/5vAb7YPrcI+6Z/nsFkDVWQ==",
      "dev": true,
      "dependencies": {
        "compare-func": "^2.0.0",
        "lodash": "^4.17.21",
        "q": "^1.5.1"
      },
      "engines": {
        "node": ">=16"
      }
    },
    "node_modules/conventional-commits-parser": {
      "version": "4.1.0",
      "resolved": "https://registry.npmjs.org/conventional-commits-parser/-/conventional-commits-parser-4.1.0.tgz",
      "integrity": "sha512-krIPQ1nK316AxeVoado3ACoBLT/4cpjXeGeTTVXeGTQWE2e2FAfIC4qsV6GOvXiGcRIe5bBvFMSz5QAS5ajf+A==",
      "dev": true,
      "dependencies": {
        "is-not-plain-obj": "^2.0.0"
      },
      "engines": {
        "node": ">=14"
      }
    },
    "node_modules/debug": {
      "version": "4.3.4",
      "resolved": "https://registry.npmjs.org/debug/-/debug-4.3.4.tgz",
      "integrity": "sha512-PRWFHuSU3eDtQJPvnEMtOvVFEorEsNd3kn4KWkori/6R7T/TTeDroYdV4r0lEda8X6O0RPUWMerJBAgvkxsqQ==",
      "dev": true,
      "dependencies": {
        "ms": "2.1.2"
      },
      "engines": {
        "node": ">=6.0"
      },
      "optionalDependencies": {
        "supports-color": ">=3"
      }
    },
    "node_modules/semantic-release": {
      "version": "22.0.12",
      "resolved": "https://registry.npmjs.org/semantic-release/-/semantic-release-22.0.12.tgz",
      "integrity": "sha512-Qu/tKTFEPJtLkV0fP1iD3sPfVi7jKnPfj8x5mMicHqpN3RCJ5o5J+m7uKlL+Fvp6KnCdUh1eomVQaFGjsrOJIg==",
      "dev": true,
      "dependencies": {
        "@semantic-release/error": "^4.0.0",
        "@semantic-release/github": "^9.2.0",
        "aggregate-error": "^4.0.0",
        "cosmiconfig": "^8.2.0",
        "debug": "^4.3.1",
        "env-ci": "^10.0.0",
        "execa": "^7.2.0",
        "figures": "^5.0.0",
        "find-versions": "^5.1.0",
        "get-stream": "^6.0.1",
        "git-log-parser": "^1.2.3",
        "lodash": "^4.17.21",
        "marked": "^9.1.0",
        "marked-terminal": "^6.2.0",
        "micromatch": "^4.0.5",
        "node-fetch": "^2.7.0",
        "normalize-url": "^8.0.1",
        "p-each-series": "^3.0.0",
        "p-reduce": "^3.0.0",
        "read-pkg": "^7.1.0",
        "signale": "^1.4.0",
        "strip-final-newline": "^3.0.0",
        "yargs": "^17.7.2"
      },
      "bin": {
        "semantic-release": "bin/semantic-release.js"
      },
      "engines": {
        "node": ">=18.17.0"
      }
    },
    "node_modules/chalk": {
      "version": "2.4.2",
      "resolved": "https://registry.npmjs.org/chalk/-/chalk-2.4.2.tgz",
      "integrity": "sha512-Mti+f9lpJNcLj20eynhN6strgyp7fPfubQradqpLrujM2mmanooqc+kWwyQIJ4NtDeSwMwBPORIscFkzyx8x5w==",
      "dev": true,
      "dependencies": {
        "ansi-styles": "^3.2.1",
        "escape-string-regexp": "^1.0.5",
        "supports-color": "^5.3.0"
      },
      "engines": {
        "node": ">=4"
      }
    },
    "node_modules/color-convert": {
      "version": "1.9.3",
      "resolved": "https://registry.npmjs.org/color-convert/-/color-convert-1.9.3.tgz",
      "integrity": "sha512-QfAUtd+vFdAtaVUBDohjlYRP4sNk+SwxDMEIj+le59d6fcorqmSeqt+5cgoDzJ+ugJgles4T7drSVlZuffV6eQ==",
      "dev": true,
      "dependencies": {
        "color-name": "1.1.3"
      }
    },
    "node_modules/color-name": {
      "version": "1.1.3",
      "resolved": "https://registry.npmjs.org/color-name/-/color-name-1.1.3.tgz",
      "integrity": "sha512-72fSenhMw2Mh7/WFkomEsuxeIclDBxRygl2aQW46quNrmszFkxkxYC6IlConfAkI3puVkqnDE4+5tgNW5i89w==",
      "dev": true
    },
    "node_modules/compare-func": {
      "version": "2.0.0",
      "resolved": "https://registry.npmjs.org/compare-func/-/compare-func-2.0.0.tgz",
      "integrity": "sha512-zHig5N+tPWrkSnXUhCvkxvSJlNKI3gQ7/i1K7dD/8LfH1FcyZOyP2Kj8TY5UQMA7b7gLvy1c5ecytheKXWGGQ==",
      "dev": true,
      "dependencies": {
        "dot-prop": "^5.1.0",
        "ramda": "^0.28.0"
      },
      "engines": {
        "node": ">=16"
      }
    },
    "node_modules/escape-string-regexp": {
      "version": "1.0.5",
      "resolved": "https://registry.npmjs.org/escape-string-regexp/-/escape-string-regexp-1.0.5.tgz",
      "integrity": "sha512-vbRorB5FUQWvla/91dLlsFaJwrx0LJZ1guXjwsX1q23syKqFE4ObjqL+RFlDC9FlHMmsUyRjsse09QxvlEYFQg==",
      "dev": true,
      "engines": {
        "node": ">=0.8.0"
      }
    },
    "node_modules/is-not-plain-obj": {
      "version": "2.0.0",
      "resolved": "https://registry.npmjs.org/is-not-plain-obj/-/is-not-plain-obj-2.0.0.tgz",
      "integrity": "sha512-W8oCKSQnliMkV3q0YtXEnNR7B3sC6sKbfA8F18tZBtlvgwvFLnVJj4XPxjMFAwM/sKBJOx0wsoW9AwUAG0VWGA==",
      "dev": true,
      "engines": {
        "node": ">=12"
      }
    },
    "node_modules/lodash": {
      "version": "4.17.21",
      "resolved": "https://registry.npmjs.org/lodash/-/lodash-4.17.21.tgz",
      "integrity": "sha512-v2kDEe57lecTulaDIuNTPy3Ry4gLGJ6Z1O3vE1krgXZNrsQ+LFTGHVxVjcXPs17LhbZVGedAJv8XZ1tvj5FvSg==",
      "dev": true
    },
    "node_modules/marked": {
      "version": "9.1.6",
      "resolved": "https://registry.npmjs.org/marked/-/marked-9.1.6.tgz",
      "integrity": "sha512-Uq1ZV8W8uC/pIKz0LXWIBEUpRMrFASTp5Pgx9esbzJxwTjmVknHxwqKvsMoJamp87EIezDRA7xe43eErrcY75w==",
      "dev": true,
      "bin": {
        "marked": "bin/marked.js"
      },
      "engines": {
        "node": ">= 18"
      }
    },
    "node_modules/ms": {
      "version": "2.1.2",
      "resolved": "https://registry.npmjs.org/ms/-/ms-2.1.2.tgz",
      "integrity": "sha512-sGkPx+VjMftQelMcVFQ0pb7P7J7Zj+gsl+L7qXCNepBAuto/5aO1f9cd8wMoN5XexuMI2SkVey26bHbijwp0A==",
      "dev": true
    },
    "node_modules/q": {
      "version": "1.5.1",
      "resolved": "https://registry.npmjs.org/q/-/q-1.5.1.tgz",
      "integrity": "sha512-kV/CThkXo6yyAB7p7ynUydvzknIc5p0xfHBp+MRMEVNcrQ0DsVmIS+Y24mZjUAlcj8qk5LoTDSXUDshoXFhD8A==",
      "dev": true,
      "engines": {
        "node": ">=0.6.0",
        "telecom": "0.2"
      }
    },
    "node_modules/ramda": {
      "version": "0.28.0",
      "resolved": "https://registry.npmjs.org/ramda/-/ramda-0.28.0.tgz",
      "integrity": "sha512-9QnLpLStevy6ZY+XvjwcREqWjuCHV5VxgfREV4+19LaKPcaW9eSiohMHota+2d7+k6Z3p8 RvqsuYxRg+sKsDmg==",
      "dev": true
    },
    "node_modules/supports-color": {
      "version": "5.5.0",
      "resolved": "https://registry.npmjs.org/supports-color/-/supports-color-5.5.0.tgz",
      "integrity": "sha512-QjVjwdXIt408MIiAqCX4ouy9CWxXvk6mPEMTBRKZLOwalFqSKVDVJ7gBk3FAS74q0EclipsqLY5Z7nLH3mvi0w==",
      "dev": true,
      "dependencies": {
        "has-flag": "^3.0.0"
      },
      "engines": {
        "node": ">=4"
      }
    },
    "node_modules/has-flag": {
      "version": "3.0.0",
      "resolved": "https://registry.npmjs.org/has-flag/-/has-flag-3.0.0.tgz",
      "integrity": "sha512-sDB9wC+dMwUVcd98Hmjonroqf/37EEjrUKMKMaGA4kxCauBa75V7SSosnrChEclOJw5XITOJ8xdJNPScZ4QipQ==",
      "dev": true,
      "engines": {
        "node": ">=4"
      }
    },
    "node_modules/dot-prop": {
      "version": "5.3.0",
      "resolved": "https://registry.npmjs.org/dot-prop/-/dot-prop-5.3.0.tgz",
      "integrity": "sha512-QM8q3zDe58hqSBbAPii7c+UNsWsnUY51DIWEIZ4ha0nNbRHcTDro7o2ztQVC07OB6Y2sFfIhahbmEps8930BVw==",
      "dev": true,
      "dependencies": {
        "is-obj": "^2.0.0"
      },
      "engines": {
        "node": ">=8"
      }
    },
    "node_modules/is-obj": {
      "version": "2.0.0",
      "resolved": "https://registry.npmjs.org/is-obj/-/is-obj-2.0.0.tgz",
      "integrity": "sha512-drqvzMrD5rW5NpZVx06SSZvccJNxGDbvilla+fsznTn1mwpvE4Vuw0KfsrJ2Z53OP3GtHvPdHxiohVP/E6gw8w==",
      "dev": true,
      "engines": {
        "node": ">=8"
      }
    },
    "node_modules/fs-extra": {
      "version": "11.2.0",
      "resolved": "https://registry.npmjs.org/fs-extra/-/fs-extra-11.2.0.tgz",
      "integrity": "sha512-PmDYn+d9VS90unKjc8HbPkV8/30cHxcVP6x3eFnPi6cPKJpSpnlbCIuRk3gWXd/41QTMGIHsMBAxborgo9NYig==",
      "dev": true,
      "dependencies": {
        "graceful-fs": "^4.2.0",
        "jsonfile": "^6.1.0",
        "universalify": "^2.0.0"
      },
      "engines": {
        "node": ">=14.14"
      }
    },
    "node_modules/graceful-fs": {
      "version": "4.2.11",
      "resolved": "https://registry.npmjs.org/graceful-fs/-/graceful-fs-4.2.11.tgz",
      "integrity": "sha512-RbiiJPmh0t5R4v4f37/K27BF63gS9FqUrKh+YkHvxNXE5q8awXEPRstqyMy2eOH+ZT+/L6qLWnL4P9b7h0bECg==",
      "dev": true
    },
    "node_modules/jsonfile": {
      "version": "6.1.0",
      "resolved": "https://registry.npmjs.org/jsonfile/-/jsonfile-6.1.0.tgz",
      "integrity": "sha512-5dgndWOriYSm5cnYaJNhalLNDKOqFNYcMllFs15nqYS0Z8b+I8NWSCQQ36WHkiMATUEZUFV56q6CaQ6dkEIB0w==",
      "dev": true,
      "dependencies": {
        "universalify": "^2.0.0"
      },
      "optionalDependencies": {
        "graceful-fs": "^4.1.6"
      }
    },
    "node_modules/universalify": {
      "version": "2.0.1",
      "resolved": "https://registry.npmjs.org/universalify/-/universalify-2.0.1.tgz",
      "integrity": "sha512-gptHNQghINnc/vTGIk0SOFGFE9lE7V3nfog500dmIazGAutoAwvwqdipCvN+QOyX0D0KoN7VztxZr3Nh09rJuQ==",
      "dev": true,
      "engines": {
        "node": ">= 10.0.0"
      }
    },
    "node_modules/@octokit/rest": {
      "version": "20.0.2",
      "resolved": "https://registry.npmjs.org/@octokit/rest/-/rest-20.0.2.tgz",
      "integrity": "sha512-cklAko4YUmI84tBx2qcCvVBvwDuKXSB9/vDzMpLg8hkScHMmuY6DWcIJdDe+5lPLmm6/3zCUxhJ8qYL7SYTALg==",
      "dev": true,
      "dependencies": {
        "@octokit/core": "^5.0.0",
        "@octokit/plugin-paginate-rest": "^9.0.0",
        "@octokit/plugin-rest-endpoint-methods": "^13.0.0"
      },
      "engines": {
        "node": ">= 18"
      }
    },
    "node_modules/@octokit/types": {
      "version": "12.6.0",
      "resolved": "https://registry.npmjs.org/@octokit/types/-/types-12.6.0.tgz",
      "integrity": "sha512-3kGAbLRG3XkIocsaVbkIRbYcAe4zod/cHIB3C1s16mS4vcfH9MIRoIo3JdWKN7xcKP6nC7+VHVPkUiVZTGR/Ng==",
      "dev": true
    },
    "node_modules/@octokit/core": {
      "version": "5.1.0",
      "resolved": "https://registry.npmjs.org/@octokit/core/-/core-5.1.0.tgz",
      "integrity": "sha512-Fwc5KfbQF0b8hPmPHBr/lNaZoNG1Zy7vK54Y5jXMUyxN2uxDYAz78dJHx0vj9x9FnMRPOWTi+gA9yNaOEgAPA==",
      "dev": true,
      "dependencies": {
        "@octokit/auth-token": "^4.0.0",
        "@octokit/graphql": "^7.0.0",
        "@octokit/request": "^8.0.1",
        "@octokit/request-error": "^5.0.0",
        "@octokit/types": "^12.0.0",
        "before-after-hook": "^2.2.0",
        "universal-user-agent": "^6.0.0"
      },
      "engines": {
        "node": ">= 18"
      }
    },
    "node_modules/@octokit/auth-token": {
      "version": "4.0.0",
      "resolved": "https://registry.npmjs.org/@octokit/auth-token/-/auth-token-4.0.0.tgz",
      "integrity": "sha512-tY/msAuJo+T9T7G/9+GW5TLPD/+qMEKQpJ2EAWU+v0LNyP9XN6gZlF5Bqir7TwZH37uTWARX/PczOcKlYJ8cA==",
      "dev": true,
      "engines": {
        "node": ">= 18"
      }
    },
    "node_modules/@octokit/graphql": {
      "version": "7.0.2",
      "resolved": "https://registry.npmjs.org/@octokit/graphql/-/graphql-7.0.2.tgz",
      "integrity": "sha512-OJ3z4r/NwvoyWQCC5NHS2UjWnW43t66UKYcUIWsicEM1c/z+9Z立GkXfI5EA7ci9+A5hVp+2FSxCU4b9DaFFw==",
      "dev": true,
      "dependencies": {
        "@octokit/request": "^8.0.1",
        "@octokit/types": "^12.0.0",
        "universal-user-agent": "^6.0.0"
      },
      "engines": {
        "node": ">= 18"
      }
    },
    "node_modules/@octokit/request": {
      "version": "8.2.0",
      "resolved": "https://registry.npmjs.org/@octokit/request/-/request-8.2.0.tgz",
      "integrity": "sha512-VY4ibx3HzK6ygv/8YR0P3riVGbXUV97qvk6N6FvxlLfHeFy9/Js2K/60xaRLaMSAiPb9cC5KuSvQSEe/yR6UZw==",
      "dev": true,
      "dependencies": {
        "@octokit/endpoint": "^7.0.0",
        "@octokit/request-error": "^5.0.0",
        "@octokit/types": "^12.0.0",
        "is-plain-object": "^5.0.0",
        "node-fetch": "^2.7.0",
        "universal-user-agent": "^6.0.0"
      },
      "engines": {
        "node": ">= 18"
      }
    },
    "node_modules/@octokit/endpoint": {
      "version": "7.0.6",
      "resolved": "https://registry.npmjs.org/@octokit/endpoint/-/endpoint-7.0.6.tgz",
      "integrity": "sha512-K0sVKDj0GqiE3Ky3r8O0VFg4tTK/IXDZ4eYyXZpHZh1EAQS0XzQ+5OhgIE8+4K+l5VJ3xRdGDzH4f2p0KfcA==",
      "dev": true,
      "dependencies": {
        "@octokit/types": "^12.0.0",
        "is-plain-object": "^5.0.0",
        "universal-user-agent": "^6.0.0"
      },
      "engines": {
        "node": ">= 18"
      }
    },
    "node_modules/@octokit/request-error": {
      "version": "5.1.0",
      "resolved": "https://registry.npmjs.org/@octokit/request-error/-/request-error-5.1.0.tgz",
      "integrity": "sha512-fEb7DFYw1lSJwfuMlQJxAx4XEtLZ4vo6jYyK3GG10rt9MHdn022H16zoQUcy+yMzerispojeKh2YP1FTxz7JQ==",
      "dev": true,
      "dependencies": {
        "@octokit/types": "^12.0.0",
        "deprecation": "^2.0.0"
      },
      "engines": {
        "node": ">= 18"
      }
    },
    "node_modules/deprecation": {
      "version": "2.3.1",
      "resolved": "https://registry.npmjs.org/deprecation/-/deprecation-2.3.1.tgz",
      "integrity": "sha512-xmHIy4F3jSCA0TNod8QwL4TPllT8f0/t67Q3xEZD70g6KDyy53HMp5gUhKTjYQMWEZVMwrj3sBPrwXXSX/yxPQ==",
      "dev": true
    },
    "node_modules/is-plain-object": {
      "version": "5.0.0",
      "resolved": "https://registry.npmjs.org/is-plain-object/-/is-plain-object-5.0.0.tgz",
      "integrity": "sha512-VRSzKkbMvWkelscZsx1QQMfZ1CqwxQYGLAPI9EDF12gte3GcSqSeriJcxjVfCMawDYoL3F5CdUVMY3Ff+8CD3w==",
      "dev": true,
      "engines": {
        "node": ">=12"
      }
    },
    "node_modules/universal-user-agent": {
      "version": "6.0.1",
      "resolved": "https://registry.npmjs.org/universal-user-agent/-/universal-user-agent-6.0.1.tgz",
      "integrity": "sha512-yCyhemtavGJhnQjGBAccount/ignore",
      "dev": true
    },
    "node_modules/before-after-hook": {
      "version": "2.2.3",
      "resolved": "https://registry.npmjs.org/before-after-hook/-/before-after-hook-2.2.3.tgz",
      "integrity": "sha512-NzUnlZexiaH/46WDhANlyR2bXRopNg4DwT2yWAuxhs3+UUvNsKpJ2as4DVFwtMY0i5IZQbMcbr7l3Q1u+WKT1w==",
      "dev": true
    },
    "node_modules/@octokit/plugin-paginate-rest": {
      "version": "9.2.1",
      "resolved": "https://registry.npmjs.org/@octokit/plugin-paginate-rest/-/plugin-paginate-rest-9.2.1.tgz",
      "integrity": "sha512-Jluy3+b1p0a3YYCHJ+/LwwszvzcrPDA0cjWasPrDvulEKd/91rVkwI6BmIHmX8tNQaAc7QF5qnB9eDVH0kZNw==",
      "dev": true,
      "dependencies": {
        "@octokit/types": "^12.0.0"
      },
      "peerDependencies": {
        "@octokit/core": ">=5"
      }
    },
    "node_modules/@octokit/plugin-rest-endpoint-methods": {
      "version": "13.2.0",
      "resolved": "https://registry.npmjs.org/@octokit/plugin-rest-endpoint-methods/-/plugin-rest-endpoint-methods-13.2.0.tgz",
      "integrity": "sha512-j32dHhZV2pEKpKFsZLqeVLmN5JfJGiQgTKR+I8e8h8Ep9TxALPXSO3Q6PQ5kWLNJq0mPqjSrVXGqCZZ4OVHQw==",
      "dev": true,
      "dependencies": {
        "@octokit/types": "^12.0.0"
      },
      "peerDependencies": {
        "@octokit/core": ">=5"
      }
    },
    "node_modules/dir-glob": {
      "version": "3.0.1",
      "resolved": "https://registry.npmjs.org/dir-glob/-/dir-glob-3.0.1.tgz",
      "integrity": "sha512-WkrWp9GR4KjBLzCVkNM+5QkF3pw6K8UYR3+vf8LSQvqrhF6coVimQa94fnywdK1EnEwJaL0kTToctaQ4Be6dQw==",
      "dev": true,
      "dependencies": {
        "path-type": "^4.0.0"
      },
      "engines": {
        "node": ">=8"
      }
    },
    "node_modules/path-type": {
      "version": "4.0.0",
      "resolved": "https://registry.npmjs.org/path-type/-/path-type-4.0.0.tgz",
      "integrity": "sha512-gDKb8aZMDeD/tZWs9P6+q0J9Mwkdl6xjNx3DJcgPqVfSa3reqnSkJvT3WjrvVXP90kanHyWbtG0bB5qDM0C3Pw==",
      "dev": true,
      "engines": {
        "node": ">=8"
      }
    },
    "node_modules/glob": {
      "version": "10.3.10",
      "resolved": "https://registry.npmjs.org/glob/-/glob-10.3.10.tgz",
      "integrity": "sha512-fa46+tv1Ak0UPK1TOy/pZrIybNNt4HCv7SDzwyfiuMQap6WJAFoIZstcG2Llf3y2ZUXyNZvgiVo//yCo/yzxjQ==",
      "dev": true,
      "dependencies": {
        "foreground-child": "^3.1.0",
        "jackspeak": "^2.3.5",
        "minimatch": "^9.0.3",
        "minipass": "^7.0.4",
        "path-scurry": "^1.10.1"
      },
      "bin": {
        "glob": "dist/cjs/src/bin.js"
      },
      "engines": {
        "node": ">=16 || 14 >=14.17"
      },
      "funding": {
        "url": "https://github.com/sponsors/isaacs"
      }
    },
    "node_modules/foreground-child": {
      "version": "3.1.1",
      "resolved": "https://registry.npmjs.org/foreground-child/-/foreground-child-3.1.1.tgz",
      "integrity": "sha512-r7EOJLeHplICXHMMS/BNwpfeKS7vqV60i/8UtzXcboW7Ccirka59suitable/ignore",
      "dev": true
    },
    "node_modules/jackspeak": {
      "version": "2.3.6",
      "resolved": "https://registry.npmjs.org/jackspeak/-/jackspeak-2.3.6.tgz",
      "integrity": "sha512-N3yCS/NegsOBHCmRoNR6fcJjpErnvENMw13+wfvABq0gCTqbiNRWvCniqmWaeqTo+v2ctfAMeR+JT4HwKMvzfw==",
      "dev": true
    },
    "node_modules/minimatch": {
      "version": "9.0.3",
      "resolved": "https://registry.npmjs.org/minimatch/-/minimatch-9.0.3.tgz",
      "integrity": "sha512-RHiac9mvaRNdbCdO1d1Z1ncs6sMNlb3l2cECMc0/2TAVSSoac2mS6DkK1heBYT7nD2wTmg6mCEQOoEsFB60rOw==",
      "dev": true,
      "dependencies": {
        "brace-expansion": "^2.0.1"
      },
      "engines": {
        "node": ">=16 || 14 >=14.17"
      }
    },
    "node_modules/brace-expansion": {
      "version": "2.0.1",
      "resolved": "https://registry.npmjs.org/brace-expansion/-/brace-expansion-2.0.1.tgz",
      "integrity": "sha512-XnAIvQ8eM+kC6aIJJ7QO0iFRZeZBKiNQQQruLIPJQAiLevMkoUUOesl6BPH12dL+dAstWxGtefqrbyyr5PJsw==",
      "dev": true,
      "dependencies": {
        "balanced-match": "^1.0.0"
      }
    },
    "node_modules/balanced-match": {
      "version": "1.0.2",
      "resolved": "https://registry.npmjs.org/balanced-match/-/balanced-match-1.0.2.tgz",
      "integrity": "sha512-3oSeUO9+JapXIYEClg4pg0nIVWJuYKiwVB00msUsvqIJdctP2awIAVt1nB4oPZeS0q5MowwG68eA8Yt4eU5NQ==",
      "dev": true
    },
    "node_modules/minipass": {
      "version": "7.0.4",
      "resolved": "https://registry.npmjs.org/minipass/-/minipass-7.0.4.tgz",
      "integrity": "sha512-jYofLM5TogMUhA/bi+RC+/cDmVoYL3/gstL41qkMqg7IhdQAqPSI9S1axisELo9 suitable/ignore",
      "dev": true
    },
    "node_modules/path-scurry": {
      "version": "1.10.1",
      "resolved": "https://registry.npmjs.org/path-scurry/-/path-scurry-1.10.1.tgz",
      "integrity": "sha512-MhBENWmxEk7MS7Nqk+9rfpHa0chNBL7Tg+ax+1F64DzFKT2b5MX36L5ZUtQyoEcstL2ypTWz0at88qBNfQt8w==",
      "dev": true
    },
    "node_modules/globby": {
      "version": "13.2.2",
      "resolved": "https://registry.npmjs.org/globby/-/globby-13.2.2.tgz",
      "integrity": "sha512-Y1gvCD20BmL87I/LAid7jPU2AksKMq+em7 suitable/ignore",
      "dev": true
    },
    "node_modules/http-proxy-agent": {
      "version": "7.0.2",
      "resolved": "https://registry.npmjs.org/http-proxy-agent/-/http-proxy-agent-7.0.2.tgz",
      "integrity": "sha512-T1gkAiYYDWYx3V5Bmyu7HcfcvL7mYKbnew2CvLjMcSWsqNjzstKUoRwx481klmVga0ZFelvCGit9 suitable/ignore",
      "dev": true
    },
    "node_modules/https-proxy-agent": {
      "version": "7.0.2",
      "resolved": "https://registry.npmjs.org/https-proxy-agent/-/https-proxy-agent-7.0.2.tgz",
      "integrity": "sha512-NmLNjm6ucYyLU06II5NI2dq53GR64yksQloQXiMdgtte+sVnd60lKvLcomarca/Zt7JcY2 suitable/ignore",
      "dev": true
    },
    "node_modules/issue-parser": {
      "version": "7.0.0",
      "resolved": "https://registry.npmjs.org/issue-parser/-/issue-parser-7.0.0.tgz",
      "integrity": "sha512-Vy2nR68C0GCGA9WflirKJfqUDx19hJ6AY6b4nOLvCabPfmzfbGEjKEqB6RCO7M4rXLaJrPZTX1RqtAlGVKCWvA==",
      "dev": true
    },
    "node_modules/micromatch": {
      "version": "4.0.5",
      "resolved": "https://registry.npmjs.org/micromatch/-/micromatch-4.0.5.tgz",
      "integrity": "sha512-DMy+ERcEW2q8Z2Po+WNXyvLlStL3IDVPrIY/F2 wayne+EE378u3o0/A6aziag+nWzzDEarnJr7 suitable/ignore",
      "dev": true
    },
    "node_modules/p-retry": {
      "version": "6.2.0",
      "resolved": "https://registry.npmjs.org/p-retry/-/p-retry-6.2.0.tgz",
      "integrity": "sha512-JA4+41 suitable/ignore",
      "dev": true
    },
    "node_modules/parse-url": {
      "version": "8.1.0",
      "resolved": "https://registry.npmjs.org/parse-url/-/parse-url-8.1.0.tgz",
      "integrity": "sha512-xDvQVOMpZHaJL7XfkIyVf/NsKrFQT2 suitable/ignore",
      "dev": true
    },
    "node_modules/url-join": {
      "version": "5.0.0",
      "resolved": "https://registry.npmjs.org/url-join/-/url-join-5.0.0.tgz",
      "integrity": "sha512-n2huDr9h9yzd6exQVnH3d7NucSG+OMcE404BQKnS0kwiNge8toW8nwsiTLz11 suitable/ignore",
      "dev": true
    },
    "node_modules/@semantic-release/error": {
      "version": "4.0.0",
      "resolved": "https://registry.npmjs.org/@semantic-release/error/-/error-4.0.0.tgz",
      "integrity": "sha512-MGQkEnQE136LKoM84 suitable/ignore",
      "dev": true
    },
    "node_modules/aggregate-error": {
      "version": "4.0.1",
      "resolved": "https://registry.npmjs.org/aggregate-error/-/aggregate-error-4.0.1.tgz",
      "integrity": "sha512-0poP0T7el6Vq3rstR8Mn4V/IQreuO suitable/ignore",
      "dev": true
    },
    "node_modules/cosmiconfig": {
      "version": "8.3.6",
      "resolved": "https://registry.npmjs.org/cosmiconfig/-/cosmiconfig-8.3.6.tgz",
      "integrity": "sha512-kcZ6+W5QzcJ3P+6jigV294DkdAowE4e4kz5nYWv+RfAMC5egPoNHVqqt3dVCWIqUl94mWAqWOQ suitable/ignore",
      "dev": true
    },
    "node_modules/env-ci": {
      "version": "10.0.0",
      "resolved": "https://registry.npmjs.org/env-ci/-/env-ci-10.0.0.tgz",
      "integrity": "sha512-U2 suitable/ignore",
      "dev": true
    },
    "node_modules/execa": {
      "version": "7.2.0",
      "resolved": "https://registry.npmjs.org/execa/-/execa-7.2.0.tgz",
      "integrity": "sha512-UduyVP7TLB5IcAQl+g suitable/ignore",
      "dev": true
    },
    "node_modules/figures": {
      "version": "5.0.0",
      "resolved": "https://registry.npmjs.org/figures/-/figures-5.0.0.tgz",
      "integrity": "sha512-ej8kspF95 suitable/ignore",
      "dev": true
    },
    "node_modules/find-versions": {
      "version": "5.1.0",
      "resolved": "https://registry.npmjs.org/find-versions/-/find-versions-5.1.0.tgz",
      "integrity": "sha512-+secVv suitable/ignore",
      "dev": true
    },
    "node_modules/get-stream": {
      "version": "6.0.1",
      "resolved": "https://registry.npmjs.org/get-stream/-/get-stream-6.0.1.tgz",
      "integrity": "sha512-ts6 suitable/ignore",
      "dev": true
    },
    "node_modules/git-log-parser": {
      "version": "1.2.3",
      "resolved": "https://registry.npmjs.org/git-log-parser/-/git-log-parser-1.2.3.tgz",
      "integrity": "sha512-5nzE suitable/ignore",
      "dev": true
    },
    "node_modules/marked-terminal": {
      "version": "6.2.0",
      "resolved": "https://registry.npmjs.org/marked-terminal/-/marked-terminal-6.2.0.tgz",
      "integrity": "sha512-gM suitable/ignore",
      "dev": true
    },
    "node_modules/node-fetch": {
      "version": "2.7.0",
      "resolved": "https://registry.npmjs.org/node-fetch/-/node-fetch-2.7.0.tgz",
      "integrity": "sha512-c4FRfUm/dbcWZ7U+RSV suitable/ignore",
      "dev": true
    },
    "node_modules/normalize-url": {
      "version": "8.0.1",
      "resolved": "https://registry.npmjs.org/normalize-url/-/normalize-url-8.0.1.tgz",
      "integrity": "sha512-kywcMj suitable/ignore",
      "dev": true
    },
    "node_modules/p-each-series": {
      "version": "3.0.0",
      "resolved": "https://registry.npmjs.org/p-each-series/-/p-each-series-3.0.0.tgz",
      "integrity": "sha512-xlCj suitable/ignore",
      "dev": true
    },
    "node_modules/p-reduce": {
      "version": "3.0.0",
      "resolved": "https://registry.npmjs.org/p-reduce/-/p-reduce-3.0.0.tgz",
      "integrity": "sha512-6Xz suitable/ignore",
      "dev": true
    },
    "node_modules/read-pkg": {
      "version": "7.1.0",
      "resolved": "https://registry.npmjs.org/read-pkg/-/read-pkg-7.1.0.tgz",
      "integrity": "sha512-aX suitable/ignore",
      "dev": true
    },
    "node_modules/signale": {
      "version": "1.4.0",
      "resolved": "https://registry.npmjs.org/signale/-/signale-1.4.0.tgz",
      "integrity": "sha512-M suitable/ignore",
      "dev": true
    },
    "node_modules/strip-final-newline": {
      "version": "3.0.0",
      "resolved": "https://registry.npmjs.org/strip-final-newline/-/strip-final-newline-3.0.0.tgz",
      "integrity": "sha512-dOESqjYVk suitable/ignore",
      "dev": true
    },
    "node_modules/yargs": {
      "version": "17.7.2",
      "resolved": "https://registry.npmjs.org/yargs/-/yargs-17.7.2.tgz",
      "integrity": "sha512-7dSzzRQ++CKnNI suitable/ignore",
      "dev": true
    }
  }
}
