{
  "name": "master-search",
  "version": "2025.11.24",
  "lockfileVersion": 3,
  "requires": true,
  "packages": {
    "": {
      "name": "master-search",
      "version": "2025.11.24",
      "license": "MIT",
      "devDependencies": {
        "@semantic-release/changelog": "^6.0.0",
        "@semantic-release/commit-analyzer": "^11.0.0",
        "@semantic-release/github": "^9.0.0",
        "@semantic-release/release-notes-generator": "^13.0.0",
        "conventional-changelog-conventionalcommits": "^7.0.0",
        "semantic-release": "^22.0.0"
      }
    }
  }
}
